
Microsoft Visual Studio Solution File, Format Version 12.00
# Visual Studio 14
VisualStudioVersion = 14.0.23107.0
MinimumVisualStudioVersion = 10.0.40219.1
Project("{FAE04EC0-301F-11D3-BF4B-00C04F79EFBC}") = "DrinkinGame", "DrinkinGame\DrinkinGame.csproj", "{0D6D8D69-C0AD-4092-93DE-44DDB9856A62}"
EndProject
Global
	GlobalSection(SolutionConfigurationPlatforms) = preSolution
		Debug|Any CPU = Debug|Any CPU
		Release|Any CPU = Release|Any CPU
	EndGlobalSection
	GlobalSection(ProjectConfigurationPlatforms) = postSolution
		{0D6D8D69-C0AD-4092-93DE-44DDB9856A62}.Debug|Any CPU.ActiveCfg = Debug|Any CPU
		{0D6D8D69-C0AD-4092-93DE-44DDB9856A62}.Debug|Any CPU.Build.0 = Debug|Any CPU
		{0D6D8D69-C0AD-4092-93DE-44DDB9856A62}.Release|Any CPU.ActiveCfg = Release|Any CPU
		{0D6D8D69-C0AD-4092-93DE-44DDB9856A62}.Release|Any CPU.Build.0 = Release|Any CPU
	EndGlobalSection
	GlobalSection(SolutionProperties) = preSolution
		HideSolutionNode = FALSE
	EndGlobalSection
EndGlobal
